{
    "_readme": [
        "This file locks the dependencies of your project to a known state",
        "Read more about it at https://getcomposer.org/doc/01-basic-usage.md#composer-lock-the-lock-file",
        "This file is @generated automatically"
    ],
    "hash": "81b5e19ceee2b2b2a96fba30b8cbe7d5",
    "content-hash": "41e36a969e6877f89b5b7c3df1128bc5",
    "packages": [
        {
            "name": "catfan/medoo",
            "version": "v1.1.3",
            "source": {
                "type": "git",
                "url": "https://github.com/catfan/Medoo.git",
                "reference": "2601ffd53971866695c544c955d580d3d36b3848"
            },
            "dist": {
                "type": "zip",
                "url": "https://packagist.phpcomposer.com/files/catfan/Medoo/2601ffd53971866695c544c955d580d3d36b3848.zip",
                "reference": "2601ffd53971866695c544c955d580d3d36b3848",
                "shasum": ""
            },
            "require": {
                "ext-pdo": "*",
                "php": ">=5.1"
            },
            "suggest": {
                "ext-pdo_dblib": "For MSSQL or Sybase databases on Linux/UNIX platform",
                "ext-pdo_mysql": "For MySQL or MariaDB databases",
                "ext-pdo_oci": "For Oracle databases",
                "ext-pdo_pqsql": "For PostgreSQL databases",
                "ext-pdo_sqlite": "For SQLite databases",
                "ext-pdo_sqlsrv": "For MSSQL databases on Windows platform"
            },
            "type": "framework",
            "autoload": {
                "files": [
                    "medoo.php"
                ]
            },
            "notification-url": "https://packagist.org/downloads/",
            "license": [
                "MIT"
            ],
            "authors": [
                {
                    "name": "Angel Lai",
                    "email": "angel@catfan.me"
                }
            ],
            "description": "The Lightest PHP database framework to accelerate development",
            "homepage": "http://medoo.in",
            "keywords": [
                "database",
                "lightweight",
                "mssql",
                "mysql",
                "php framework",
                "sql",
                "sqlite"
            ],
            "time": "2016-09-05 07:18:35"
        },
        {
            "name": "evenement/evenement",
            "version": "v2.0.0",
            "source": {
                "type": "git",
                "url": "https://github.com/igorw/evenement.git",
                "reference": "f6e843799fd4f4184d54d8fc7b5b3551c9fa803e"
            },
            "dist": {
                "type": "zip",
                "url": "https://packagist.phpcomposer.com/files/igorw/evenement/f6e843799fd4f4184d54d8fc7b5b3551c9fa803e.zip",
                "reference": "f6e843799fd4f4184d54d8fc7b5b3551c9fa803e",
                "shasum": ""
            },
            "require": {
                "php": ">=5.4.0"
            },
            "type": "library",
            "extra": {
                "branch-alias": {
                    "dev-master": "2.0-dev"
                }
            },
            "autoload": {
                "psr-0": {
                    "Evenement": "src"
                }
            },
            "notification-url": "https://packagist.org/downloads/",
            "license": [
                "MIT"
            ],
            "authors": [
                {
                    "name": "Igor Wiedler",
                    "email": "igor@wiedler.ch",
                    "homepage": "http://wiedler.ch/igor/"
                }
            ],
            "description": "Événement is a very simple event dispatching library for PHP",
            "keywords": [
                "event-dispatcher",
                "event-emitter"
            ],
            "time": "2012-11-02 14:49:47"
        },
        {
            "name": "guzzlehttp/psr7",
            "version": "1.3.1",
            "source": {
                "type": "git",
                "url": "https://github.com/guzzle/psr7.git",
                "reference": "5c6447c9df362e8f8093bda8f5d8873fe5c7f65b"
            },
            "dist": {
                "type": "zip",
                "url": "https://packagist.phpcomposer.com/files/guzzle/psr7/5c6447c9df362e8f8093bda8f5d8873fe5c7f65b.zip",
                "reference": "5c6447c9df362e8f8093bda8f5d8873fe5c7f65b",
                "shasum": ""
            },
            "require": {
                "php": ">=5.4.0",
                "psr/http-message": "~1.0"
            },
            "provide": {
                "psr/http-message-implementation": "1.0"
            },
            "require-dev": {
                "phpunit/phpunit": "~4.0"
            },
            "type": "library",
            "extra": {
                "branch-alias": {
                    "dev-master": "1.4-dev"
                }
            },
            "autoload": {
                "psr-4": {
                    "GuzzleHttp\\Psr7\\": "src/"
                },
                "files": [
                    "src/functions_include.php"
                ]
            },
            "notification-url": "https://packagist.org/downloads/",
            "license": [
                "MIT"
            ],
            "authors": [
                {
                    "name": "Michael Dowling",
                    "email": "mtdowling@gmail.com",
                    "homepage": "https://github.com/mtdowling"
                }
            ],
            "description": "PSR-7 message implementation",
            "keywords": [
                "http",
                "message",
                "stream",
                "uri"
            ],
            "time": "2016-06-24 23:00:38"
        },
        {
            "name": "mongodb/mongodb",
            "version": "1.1.0",
            "source": {
                "type": "git",
                "url": "https://github.com/mongodb/mongo-php-library.git",
                "reference": "9dfb2c5fc917d7438b44eb8f4d247ba3e3984e75"
            },
            "dist": {
                "type": "zip",
                "url": "https://packagist.phpcomposer.com/files/mongodb/mongo-php-library/9dfb2c5fc917d7438b44eb8f4d247ba3e3984e75.zip",
                "reference": "9dfb2c5fc917d7438b44eb8f4d247ba3e3984e75",
                "shasum": ""
            },
            "require": {
                "ext-mongodb": "^1.2.0",
                "php": ">=5.4"
            },
            "require-dev": {
                "phpunit/phpunit": "^4.8"
            },
            "type": "library",
            "extra": {
                "branch-alias": {
                    "dev-master": "1.1.x-dev"
                }
            },
            "autoload": {
                "psr-4": {
                    "MongoDB\\": "src/"
                },
                "files": [
                    "src/functions.php"
                ]
            },
            "notification-url": "https://packagist.org/downloads/",
            "license": [
                "Apache-2.0"
            ],
            "authors": [
                {
                    "name": "Jeremy Mikola",
                    "email": "jmikola@gmail.com"
                },
                {
                    "name": "Hannes Magnusson",
                    "email": "bjori@mongodb.com"
                },
                {
                    "name": "Derick Rethans",
                    "email": "github@derickrethans.nl"
                }
            ],
            "description": "MongoDB driver library",
            "homepage": "https://jira.mongodb.org/browse/PHPLIB",
            "keywords": [
                "database",
                "driver",
                "mongodb",
                "persistence"
            ],
            "time": "2016-12-06 14:54:33"
        },
        {
            "name": "predis/predis",
            "version": "v1.1.1",
            "source": {
                "type": "git",
                "url": "https://github.com/nrk/predis.git",
                "reference": "f0210e38881631afeafb56ab43405a92cafd9fd1"
            },
            "dist": {
                "type": "zip",
                "url": "https://packagist.phpcomposer.com/files/nrk/predis/f0210e38881631afeafb56ab43405a92cafd9fd1.zip",
                "reference": "f0210e38881631afeafb56ab43405a92cafd9fd1",
                "shasum": ""
            },
            "require": {
                "php": ">=5.3.9"
            },
            "require-dev": {
                "phpunit/phpunit": "~4.8"
            },
            "suggest": {
                "ext-curl": "Allows access to Webdis when paired with phpiredis",
                "ext-phpiredis": "Allows faster serialization and deserialization of the Redis protocol"
            },
            "type": "library",
            "autoload": {
                "psr-4": {
                    "Predis\\": "src/"
                }
            },
            "notification-url": "https://packagist.org/downloads/",
            "license": [
                "MIT"
            ],
            "authors": [
                {
                    "name": "Daniele Alessandri",
                    "email": "suppakilla@gmail.com",
                    "homepage": "http://clorophilla.net"
                }
            ],
            "description": "Flexible and feature-complete Redis client for PHP and HHVM",
            "homepage": "http://github.com/nrk/predis",
            "keywords": [
                "nosql",
                "predis",
                "redis"
            ],
            "time": "2016-06-16 16:22:20"
        },
        {
            "name": "psr/http-message",
            "version": "1.0.1",
            "source": {
                "type": "git",
                "url": "https://github.com/php-fig/http-message.git",
                "reference": "f6561bf28d520154e4b0ec72be95418abe6d9363"
            },
            "dist": {
                "type": "zip",
                "url": "https://packagist.phpcomposer.com/files/php-fig/http-message/f6561bf28d520154e4b0ec72be95418abe6d9363.zip",
                "reference": "f6561bf28d520154e4b0ec72be95418abe6d9363",
                "shasum": ""
            },
            "require": {
                "php": ">=5.3.0"
            },
            "type": "library",
            "extra": {
                "branch-alias": {
                    "dev-master": "1.0.x-dev"
                }
            },
            "autoload": {
                "psr-4": {
                    "Psr\\Http\\Message\\": "src/"
                }
            },
            "notification-url": "https://packagist.org/downloads/",
            "license": [
                "MIT"
            ],
            "authors": [
                {
                    "name": "PHP-FIG",
                    "homepage": "http://www.php-fig.org/"
                }
            ],
            "description": "Common interface for HTTP messages",
            "homepage": "https://github.com/php-fig/http-message",
            "keywords": [
                "http",
                "http-message",
                "psr",
                "psr-7",
                "request",
                "response"
            ],
            "time": "2016-08-06 14:39:51"
        },
        {
            "name": "react/cache",
            "version": "v0.4.1",
            "source": {
                "type": "git",
                "url": "https://github.com/reactphp/cache.git",
                "reference": "558f614891341b1d817a8cdf9a358948ec49638f"
            },
            "dist": {
                "type": "zip",
                "url": "https://packagist.phpcomposer.com/files/reactphp/cache/558f614891341b1d817a8cdf9a358948ec49638f.zip",
                "reference": "558f614891341b1d817a8cdf9a358948ec49638f",
                "shasum": ""
            },
            "require": {
                "php": ">=5.3.0",
                "react/promise": "~2.0|~1.1"
            },
            "type": "library",
            "autoload": {
                "psr-4": {
                    "React\\Cache\\": "src\\"
                }
            },
            "notification-url": "https://packagist.org/downloads/",
            "license": [
                "MIT"
            ],
            "description": "Async caching.",
            "keywords": [
                "cache"
            ],
            "time": "2016-02-25 18:17:16"
        },
        {
            "name": "react/child-process",
            "version": "v0.4.1",
            "source": {
                "type": "git",
                "url": "https://github.com/reactphp/child-process.git",
                "reference": "3ab4f83c6f6c5862f7ca28d999a92d327472a671"
            },
            "dist": {
                "type": "zip",
                "url": "https://packagist.phpcomposer.com/files/reactphp/child-process/3ab4f83c6f6c5862f7ca28d999a92d327472a671.zip",
                "reference": "3ab4f83c6f6c5862f7ca28d999a92d327472a671",
                "shasum": ""
            },
            "require": {
                "evenement/evenement": "~2.0",
                "php": ">=5.4.0",
                "react/event-loop": "0.4.*",
                "react/stream": "~0.4.2"
            },
            "require-dev": {
                "sebastian/environment": "~1.0"
            },
            "type": "library",
            "autoload": {
                "psr-4": {
                    "React\\ChildProcess\\": "src"
                }
            },
            "notification-url": "https://packagist.org/downloads/",
            "license": [
                "MIT"
            ],
            "description": "Library for executing child processes.",
            "keywords": [
                "process"
            ],
            "time": "2016-08-01 18:09:48"
        },
        {
            "name": "react/dns",
            "version": "v0.4.3",
            "source": {
                "type": "git",
                "url": "https://github.com/reactphp/dns.git",
                "reference": "751b3129556e04944f164e3556a20ca6e201e459"
            },
            "dist": {
                "type": "zip",
                "url": "https://packagist.phpcomposer.com/files/reactphp/dns/751b3129556e04944f164e3556a20ca6e201e459.zip",
                "reference": "751b3129556e04944f164e3556a20ca6e201e459",
                "shasum": ""
            },
            "require": {
                "php": ">=5.3.0",
                "react/cache": "~0.4.0|~0.3.0",
                "react/promise": "~2.1|~1.2",
                "react/socket": "~0.4.0|~0.3.0"
            },
            "type": "library",
            "autoload": {
                "psr-4": {
                    "React\\Dns\\": "src"
                }
            },
            "notification-url": "https://packagist.org/downloads/",
            "license": [
                "MIT"
            ],
            "description": "Async DNS resolver.",
            "keywords": [
                "dns",
                "dns-resolver"
            ],
            "time": "2016-08-01 10:09:07"
        },
        {
            "name": "react/event-loop",
            "version": "v0.4.2",
            "source": {
                "type": "git",
                "url": "https://github.com/reactphp/event-loop.git",
                "reference": "164799f73175e1c80bba92a220ea35df6ca371dd"
            },
            "dist": {
                "type": "zip",
                "url": "https://packagist.phpcomposer.com/files/reactphp/event-loop/164799f73175e1c80bba92a220ea35df6ca371dd.zip",
                "reference": "164799f73175e1c80bba92a220ea35df6ca371dd",
                "shasum": ""
            },
            "require": {
                "php": ">=5.4.0"
            },
            "suggest": {
                "ext-event": "~1.0",
                "ext-libev": "*",
                "ext-libevent": ">=0.1.0"
            },
            "type": "library",
            "extra": {
                "branch-alias": {
                    "dev-master": "0.5-dev"
                }
            },
            "autoload": {
                "psr-4": {
                    "React\\EventLoop\\": "src"
                }
            },
            "notification-url": "https://packagist.org/downloads/",
            "license": [
                "MIT"
            ],
            "description": "Event loop abstraction layer that libraries can use for evented I/O.",
            "keywords": [
                "asynchronous",
                "event-loop"
            ],
            "time": "2016-03-08 02:09:32"
        },
        {
            "name": "react/http",
            "version": "v0.4.2",
            "source": {
                "type": "git",
                "url": "https://github.com/reactphp/http.git",
                "reference": "abedac54967d7ea237ad104cff8274e2c4077cf4"
            },
            "dist": {
                "type": "zip",
                "url": "https://packagist.phpcomposer.com/files/reactphp/http/abedac54967d7ea237ad104cff8274e2c4077cf4.zip",
                "reference": "abedac54967d7ea237ad104cff8274e2c4077cf4",
                "shasum": ""
            },
            "require": {
                "evenement/evenement": "^2.0",
                "guzzlehttp/psr7": "^1.0",
                "php": ">=5.4.0",
                "react/socket": "^0.4",
                "react/stream": "^0.4"
            },
            "type": "library",
            "autoload": {
                "psr-4": {
                    "React\\Http\\": "src"
                }
            },
            "notification-url": "https://packagist.org/downloads/",
            "license": [
                "MIT"
            ],
            "description": "Library for building an evented http server.",
            "keywords": [
                "http"
            ],
            "time": "2016-11-09 15:20:39"
        },
        {
            "name": "react/http-client",
            "version": "v0.4.15",
            "source": {
                "type": "git",
                "url": "https://github.com/reactphp/http-client.git",
                "reference": "01e919008363622334f91419a9908b3a51754ccd"
            },
            "dist": {
                "type": "zip",
                "url": "https://packagist.phpcomposer.com/files/reactphp/http-client/01e919008363622334f91419a9908b3a51754ccd.zip",
                "reference": "01e919008363622334f91419a9908b3a51754ccd",
                "shasum": ""
            },
            "require": {
                "evenement/evenement": "~2.0",
                "guzzlehttp/psr7": "^1.0",
                "php": ">=5.4.0",
                "react/dns": "0.4.*",
                "react/event-loop": "0.4.*",
                "react/promise": "~2.2",
                "react/socket-client": "^0.5 || ^0.4 || ^0.3",
                "react/stream": "0.4.*"
            },
            "type": "library",
            "autoload": {
                "psr-4": {
                    "React\\HttpClient\\": "src"
                }
            },
            "notification-url": "https://packagist.org/downloads/",
            "license": [
                "MIT"
            ],
            "description": "Asynchronous HTTP client library.",
            "keywords": [
                "http"
            ],
            "time": "2016-12-02 10:17:42"
        },
        {
            "name": "react/promise",
            "version": "v2.4.1",
            "source": {
                "type": "git",
                "url": "https://github.com/reactphp/promise.git",
                "reference": "8025426794f1944de806618671d4fa476dc7626f"
            },
            "dist": {
                "type": "zip",
                "url": "https://packagist.phpcomposer.com/files/reactphp/promise/8025426794f1944de806618671d4fa476dc7626f.zip",
                "reference": "8025426794f1944de806618671d4fa476dc7626f",
                "shasum": ""
            },
            "require": {
                "php": ">=5.4.0"
            },
            "type": "library",
            "extra": {
                "branch-alias": {
                    "dev-master": "2.0-dev"
                }
            },
            "autoload": {
                "psr-4": {
                    "React\\Promise\\": "src/"
                },
                "files": [
                    "src/functions_include.php"
                ]
            },
            "notification-url": "https://packagist.org/downloads/",
            "license": [
                "MIT"
            ],
            "authors": [
                {
                    "name": "Jan Sorgalla",
                    "email": "jsorgalla@gmail.com"
                }
            ],
            "description": "A lightweight implementation of CommonJS Promises/A for PHP",
            "time": "2016-05-03 17:50:52"
        },
        {
            "name": "react/react",
            "version": "v0.4.2",
            "source": {
                "type": "git",
                "url": "https://github.com/reactphp/react.git",
                "reference": "457b6b8a16a37c11278cac0870d6d2ff911c5765"
            },
            "dist": {
                "type": "zip",
                "url": "https://packagist.phpcomposer.com/files/reactphp/react/457b6b8a16a37c11278cac0870d6d2ff911c5765.zip",
                "reference": "457b6b8a16a37c11278cac0870d6d2ff911c5765",
                "shasum": ""
            },
            "require": {
                "php": ">=5.4.0",
                "react/cache": "0.4.*",
                "react/child-process": "0.4.*",
                "react/dns": "0.4.*",
                "react/event-loop": "0.4.*",
                "react/http": "0.4.*",
                "react/http-client": "0.4.*",
                "react/promise": "~2.1",
                "react/socket": "0.4.*",
                "react/socket-client": "0.4.*",
                "react/stream": "0.4.*"
            },
            "require-dev": {
                "phpunit/phpunit": "~4.0"
            },
            "suggest": {
                "ext-event": "Allows for use of a more performant event-loop implementation.",
                "ext-libev": "Allows for use of a more performant event-loop implementation.",
                "ext-libevent": "Allows for use of a more performant event-loop implementation."
            },
            "type": "library",
            "extra": {
                "branch-alias": {
                    "dev-master": "0.5-dev"
                }
            },
            "notification-url": "https://packagist.org/downloads/",
            "license": [
                "MIT"
            ],
            "description": "Nuclear Reactor written in PHP.",
            "keywords": [
                "asynchronous",
                "event-loop",
                "reactor"
            ],
            "time": "2014-12-11 02:06:55"
        },
        {
            "name": "react/socket",
            "version": "v0.4.4",
            "source": {
                "type": "git",
                "url": "https://github.com/reactphp/socket.git",
                "reference": "d61930e1aefb2a704b0adbe6bb97ee4a835d6a96"
            },
            "dist": {
                "type": "zip",
                "url": "https://packagist.phpcomposer.com/files/reactphp/socket/d61930e1aefb2a704b0adbe6bb97ee4a835d6a96.zip",
                "reference": "d61930e1aefb2a704b0adbe6bb97ee4a835d6a96",
                "shasum": ""
            },
            "require": {
                "evenement/evenement": "~2.0|~1.0",
                "php": ">=5.3.0",
                "react/event-loop": "0.4.*|0.3.*",
                "react/stream": "^0.4.2"
            },
            "type": "library",
            "autoload": {
                "psr-4": {
                    "React\\Socket\\": "src"
                }
            },
            "notification-url": "https://packagist.org/downloads/",
            "license": [
                "MIT"
            ],
            "description": "Library for building an evented socket server.",
            "keywords": [
                "Socket"
            ],
            "time": "2016-12-19 22:52:38"
        },
        {
            "name": "react/socket-client",
            "version": "v0.4.6",
            "source": {
                "type": "git",
                "url": "https://github.com/reactphp/socket-client.git",
                "reference": "49e730523b73d912e56f7a41f53ed3fc083ae167"
            },
            "dist": {
                "type": "zip",
                "url": "https://packagist.phpcomposer.com/files/reactphp/socket-client/49e730523b73d912e56f7a41f53ed3fc083ae167.zip",
                "reference": "49e730523b73d912e56f7a41f53ed3fc083ae167",
                "shasum": ""
            },
            "require": {
                "php": ">=5.4.0",
                "react/dns": "0.4.*",
                "react/event-loop": "0.4.*",
                "react/promise": "~2.0",
                "react/stream": "0.4.*"
            },
            "type": "library",
            "extra": {
                "branch-alias": {
                    "dev-master": "0.4-dev"
                }
            },
            "autoload": {
                "psr-4": {
                    "React\\SocketClient\\": "src"
                }
            },
            "notification-url": "https://packagist.org/downloads/",
            "license": [
                "MIT"
            ],
            "description": "Async connector to open TCP/IP and SSL/TLS based connections.",
            "keywords": [
                "Socket"
            ],
            "time": "2016-12-06 10:54:49"
        },
        {
            "name": "react/stream",
            "version": "v0.4.5",
            "source": {
                "type": "git",
                "url": "https://github.com/reactphp/stream.git",
                "reference": "23389503012e1ab721ad498a5a1f4b39f7a43c00"
            },
            "dist": {
                "type": "zip",
                "url": "https://packagist.phpcomposer.com/files/reactphp/stream/23389503012e1ab721ad498a5a1f4b39f7a43c00.zip",
                "reference": "23389503012e1ab721ad498a5a1f4b39f7a43c00",
                "shasum": ""
            },
            "require": {
                "evenement/evenement": "^2.0|^1.0",
                "php": ">=5.3.8"
            },
            "require-dev": {
                "clue/stream-filter": "~1.2",
                "react/event-loop": "^0.4|^0.3",
                "react/promise": "^2.0|^1.0"
            },
            "suggest": {
                "react/event-loop": "^0.4",
                "react/promise": "^2.0"
            },
            "type": "library",
            "autoload": {
                "psr-4": {
                    "React\\Stream\\": "src"
                }
            },
            "notification-url": "https://packagist.org/downloads/",
            "license": [
                "MIT"
            ],
            "description": "Basic readable and writable stream interfaces that support piping.",
            "keywords": [
                "pipe",
                "stream"
            ],
            "time": "2016-11-13 17:06:02"
        }
    ],
    "packages-dev": [],
    "aliases": [],
    "minimum-stability": "stable",
    "stability-flags": [],
    "prefer-stable": false,
    "prefer-lowest": false,
    "platform": [],
    "platform-dev": []
}
